
Microsoft Visual Studio Solution File, Format Version 12.00
# Visual Studio Version 16
VisualStudioVersion = 16.0.30503.244
MinimumVisualStudioVersion = 10.0.40219.1
Project("{FAE04EC0-301F-11D3-BF4B-00C04F79EFBC}") = "ExercicioConjunto", "ExercicioConjunto\ExercicioConjunto.csproj", "{0AFD6950-4ADC-4732-A198-0BED0F7BA299}"
EndProject
Global
	GlobalSection(SolutionConfigurationPlatforms) = preSolution
		Debug|Any CPU = Debug|Any CPU
		Release|Any CPU = Release|Any CPU
	EndGlobalSection
	GlobalSection(ProjectConfigurationPlatforms) = postSolution
		{0AFD6950-4ADC-4732-A198-0BED0F7BA299}.Debug|Any CPU.ActiveCfg = Debug|Any CPU
		{0AFD6950-4ADC-4732-A198-0BED0F7BA299}.Debug|Any CPU.Build.0 = Debug|Any CPU
		{0AFD6950-4ADC-4732-A198-0BED0F7BA299}.Release|Any CPU.ActiveCfg = Release|Any CPU
		{0AFD6950-4ADC-4732-A198-0BED0F7BA299}.Release|Any CPU.Build.0 = Release|Any CPU
	EndGlobalSection
	GlobalSection(SolutionProperties) = preSolution
		HideSolutionNode = FALSE
	EndGlobalSection
	GlobalSection(ExtensibilityGlobals) = postSolution
		SolutionGuid = {BFCBC952-21B7-4335-8B38-BE89F2D6654B}
	EndGlobalSection
EndGlobal
